
Microsoft Visual Studio Solution File, Format Version 12.00
# Visual Studio Version 16
VisualStudioVersion = 16.0.31025.194
MinimumVisualStudioVersion = 10.0.40219.1
Project("{9A19103F-16F7-4668-BE54-9A1E7A4F7556}") = "SunbeltTestApp", "SunbelTestApp\SunbeltTestApp.csproj", "{4AFD0EDA-C7C8-4E23-B16D-5799EA3559E5}"
EndProject
Project("{00D1A9C2-B5F0-4AF3-8072-F6C62B433612}") = "SunbeltSQLServer", "SunbeltSQLServer\SunbeltSQLServer.sqlproj", "{AA0E74D0-5145-4206-B5C7-B1826DF6799C}"
EndProject
Global
	GlobalSection(SolutionConfigurationPlatforms) = preSolution
		Debug|Any CPU = Debug|Any CPU
		Release|Any CPU = Release|Any CPU
	EndGlobalSection
	GlobalSection(ProjectConfigurationPlatforms) = postSolution
		{4AFD0EDA-C7C8-4E23-B16D-5799EA3559E5}.Debug|Any CPU.ActiveCfg = Debug|Any CPU
		{4AFD0EDA-C7C8-4E23-B16D-5799EA3559E5}.Debug|Any CPU.Build.0 = Debug|Any CPU
		{4AFD0EDA-C7C8-4E23-B16D-5799EA3559E5}.Release|Any CPU.ActiveCfg = Release|Any CPU
		{4AFD0EDA-C7C8-4E23-B16D-5799EA3559E5}.Release|Any CPU.Build.0 = Release|Any CPU
		{AA0E74D0-5145-4206-B5C7-B1826DF6799C}.Debug|Any CPU.ActiveCfg = Debug|Any CPU
		{AA0E74D0-5145-4206-B5C7-B1826DF6799C}.Debug|Any CPU.Build.0 = Debug|Any CPU
		{AA0E74D0-5145-4206-B5C7-B1826DF6799C}.Debug|Any CPU.Deploy.0 = Debug|Any CPU
		{AA0E74D0-5145-4206-B5C7-B1826DF6799C}.Release|Any CPU.ActiveCfg = Release|Any CPU
		{AA0E74D0-5145-4206-B5C7-B1826DF6799C}.Release|Any CPU.Build.0 = Release|Any CPU
		{AA0E74D0-5145-4206-B5C7-B1826DF6799C}.Release|Any CPU.Deploy.0 = Release|Any CPU
	EndGlobalSection
	GlobalSection(SolutionProperties) = preSolution
		HideSolutionNode = FALSE
	EndGlobalSection
	GlobalSection(ExtensibilityGlobals) = postSolution
		SolutionGuid = {579E73E5-3181-4E07-B376-79BC25314910}
	EndGlobalSection
EndGlobal
